
Microsoft Visual Studio Solution File, Format Version 12.00
# Visual Studio Version 17
VisualStudioVersion = 17.12.35707.178 d17.12
MinimumVisualStudioVersion = 10.0.40219.1
Project("{2150E333-8FDC-42A3-9474-1A3956D46DE8}") = "src", "src", "{26B7324A-3B80-4792-A1F5-5EDE2DE76A92}"
EndProject
Project("{2150E333-8FDC-42A3-9474-1A3956D46DE8}") = "APIs", "APIs", "{D83FCA73-0289-4402-84C6-226A2F1CD966}"
EndProject
Project("{2150E333-8FDC-42A3-9474-1A3956D46DE8}") = "Core", "Core", "{A01B3D6A-B7C5-4783-8E8F-591F1333D569}"
EndProject
Project("{2150E333-8FDC-42A3-9474-1A3956D46DE8}") = "Infrastructure", "Infrastructure", "{003D1A16-EC59-40E0-A197-03B7034501BC}"
EndProject
Project("{2150E333-8FDC-42A3-9474-1A3956D46DE8}") = "Shared", "Shared", "{D35B5496-563D-48BF-B602-A2695069FBC2}"
EndProject
Project("{2150E333-8FDC-42A3-9474-1A3956D46DE8}") = "UI", "UI", "{EEBE143B-E462-4789-B057-BBAAC5E0B349}"
EndProject
Global
	GlobalSection(SolutionProperties) = preSolution
		HideSolutionNode = FALSE
	EndGlobalSection
	GlobalSection(NestedProjects) = preSolution
		{D83FCA73-0289-4402-84C6-226A2F1CD966} = {26B7324A-3B80-4792-A1F5-5EDE2DE76A92}
		{A01B3D6A-B7C5-4783-8E8F-591F1333D569} = {26B7324A-3B80-4792-A1F5-5EDE2DE76A92}
		{003D1A16-EC59-40E0-A197-03B7034501BC} = {26B7324A-3B80-4792-A1F5-5EDE2DE76A92}
		{D35B5496-563D-48BF-B602-A2695069FBC2} = {26B7324A-3B80-4792-A1F5-5EDE2DE76A92}
		{EEBE143B-E462-4789-B057-BBAAC5E0B349} = {26B7324A-3B80-4792-A1F5-5EDE2DE76A92}
	EndGlobalSection
EndGlobal
