
Microsoft Visual Studio Solution File, Format Version 12.00
# Visual Studio Version 17
VisualStudioVersion = 17.12.35707.178 d17.12
MinimumVisualStudioVersion = 10.0.40219.1
Project("{2150E333-8FDC-42A3-9474-1A3956D46DE8}") = "src", "src", "{26B7324A-3B80-4792-A1F5-5EDE2DE76A92}"
EndProject
Project("{2150E333-8FDC-42A3-9474-1A3956D46DE8}") = "APIs", "APIs", "{D83FCA73-0289-4402-84C6-226A2F1CD966}"
EndProject
Project("{2150E333-8FDC-42A3-9474-1A3956D46DE8}") = "Core", "Core", "{A01B3D6A-B7C5-4783-8E8F-591F1333D569}"
EndProject
Project("{2150E333-8FDC-42A3-9474-1A3956D46DE8}") = "Infrastructure", "Infrastructure", "{003D1A16-EC59-40E0-A197-03B7034501BC}"
EndProject
Project("{2150E333-8FDC-42A3-9474-1A3956D46DE8}") = "Shared", "Shared", "{D35B5496-563D-48BF-B602-A2695069FBC2}"
EndProject
Project("{2150E333-8FDC-42A3-9474-1A3956D46DE8}") = "UI", "UI", "{EEBE143B-E462-4789-B057-BBAAC5E0B349}"
EndProject
Project("{FAE04EC0-301F-11D3-BF4B-00C04F79EFBC}") = "2RStore.Core.Application", "2RStore.Core.Application\2RStore.Core.Application.csproj", "{9BC1D156-B171-43EC-B9D5-3A9C3C726C88}"
EndProject
Project("{FAE04EC0-301F-11D3-BF4B-00C04F79EFBC}") = "2RStore.Core.Application.Abstraction", "2RStore.Core.Application.Abstraction\2RStore.Core.Application.Abstraction.csproj", "{71A909AE-CCDA-49FE-9837-EEB38CA28EF6}"
EndProject
Project("{FAE04EC0-301F-11D3-BF4B-00C04F79EFBC}") = "2RStore.Core.Domain", "2RStore.Core.Domain\2RStore.Core.Domain.csproj", "{668DD45F-2B03-4FEA-8791-967ABBC2F626}"
EndProject
Project("{FAE04EC0-301F-11D3-BF4B-00C04F79EFBC}") = "2RStore.Infrastructure", "2RStore.Infrastructure\2RStore.Infrastructure.csproj", "{16DB0DB3-51A8-411A-9A10-4E76E06F2334}"
EndProject
Project("{FAE04EC0-301F-11D3-BF4B-00C04F79EFBC}") = "2RStore.Infrastructure.Presistanc", "2RStore.Infrastructure.Presistanc\2RStore.Infrastructure.Presistanc.csproj", "{26EFC871-B791-4C07-851F-A8662141CAAD}"
EndProject
Project("{FAE04EC0-301F-11D3-BF4B-00C04F79EFBC}") = "2RStore.Shared", "2RStore.Shared\2RStore.Shared.csproj", "{8BD4E7EE-5060-4FB5-9D06-373F3F5481D3}"
EndProject
Project("{2150E333-8FDC-42A3-9474-1A3956D46DE8}") = "Client", "Client", "{645B7BC9-FF5C-4108-8B09-6D4FAC6F053F}"
EndProject
Project("{2150E333-8FDC-42A3-9474-1A3956D46DE8}") = "Dashboard", "Dashboard", "{A85568F2-65B6-4115-9024-8168783CBBF9}"
EndProject
Global
	GlobalSection(SolutionConfigurationPlatforms) = preSolution
		Debug|Any CPU = Debug|Any CPU
		Release|Any CPU = Release|Any CPU
	EndGlobalSection
	GlobalSection(ProjectConfigurationPlatforms) = postSolution
		{9BC1D156-B171-43EC-B9D5-3A9C3C726C88}.Debug|Any CPU.ActiveCfg = Debug|Any CPU
		{9BC1D156-B171-43EC-B9D5-3A9C3C726C88}.Debug|Any CPU.Build.0 = Debug|Any CPU
		{9BC1D156-B171-43EC-B9D5-3A9C3C726C88}.Release|Any CPU.ActiveCfg = Release|Any CPU
		{9BC1D156-B171-43EC-B9D5-3A9C3C726C88}.Release|Any CPU.Build.0 = Release|Any CPU
		{71A909AE-CCDA-49FE-9837-EEB38CA28EF6}.Debug|Any CPU.ActiveCfg = Debug|Any CPU
		{71A909AE-CCDA-49FE-9837-EEB38CA28EF6}.Debug|Any CPU.Build.0 = Debug|Any CPU
		{71A909AE-CCDA-49FE-9837-EEB38CA28EF6}.Release|Any CPU.ActiveCfg = Release|Any CPU
		{71A909AE-CCDA-49FE-9837-EEB38CA28EF6}.Release|Any CPU.Build.0 = Release|Any CPU
		{668DD45F-2B03-4FEA-8791-967ABBC2F626}.Debug|Any CPU.ActiveCfg = Debug|Any CPU
		{668DD45F-2B03-4FEA-8791-967ABBC2F626}.Debug|Any CPU.Build.0 = Debug|Any CPU
		{668DD45F-2B03-4FEA-8791-967ABBC2F626}.Release|Any CPU.ActiveCfg = Release|Any CPU
		{668DD45F-2B03-4FEA-8791-967ABBC2F626}.Release|Any CPU.Build.0 = Release|Any CPU
		{16DB0DB3-51A8-411A-9A10-4E76E06F2334}.Debug|Any CPU.ActiveCfg = Debug|Any CPU
		{16DB0DB3-51A8-411A-9A10-4E76E06F2334}.Debug|Any CPU.Build.0 = Debug|Any CPU
		{16DB0DB3-51A8-411A-9A10-4E76E06F2334}.Release|Any CPU.ActiveCfg = Release|Any CPU
		{16DB0DB3-51A8-411A-9A10-4E76E06F2334}.Release|Any CPU.Build.0 = Release|Any CPU
		{26EFC871-B791-4C07-851F-A8662141CAAD}.Debug|Any CPU.ActiveCfg = Debug|Any CPU
		{26EFC871-B791-4C07-851F-A8662141CAAD}.Debug|Any CPU.Build.0 = Debug|Any CPU
		{26EFC871-B791-4C07-851F-A8662141CAAD}.Release|Any CPU.ActiveCfg = Release|Any CPU
		{26EFC871-B791-4C07-851F-A8662141CAAD}.Release|Any CPU.Build.0 = Release|Any CPU
		{8BD4E7EE-5060-4FB5-9D06-373F3F5481D3}.Debug|Any CPU.ActiveCfg = Debug|Any CPU
		{8BD4E7EE-5060-4FB5-9D06-373F3F5481D3}.Debug|Any CPU.Build.0 = Debug|Any CPU
		{8BD4E7EE-5060-4FB5-9D06-373F3F5481D3}.Release|Any CPU.ActiveCfg = Release|Any CPU
		{8BD4E7EE-5060-4FB5-9D06-373F3F5481D3}.Release|Any CPU.Build.0 = Release|Any CPU
	EndGlobalSection
	GlobalSection(SolutionProperties) = preSolution
		HideSolutionNode = FALSE
	EndGlobalSection
	GlobalSection(NestedProjects) = preSolution
		{D83FCA73-0289-4402-84C6-226A2F1CD966} = {26B7324A-3B80-4792-A1F5-5EDE2DE76A92}
		{A01B3D6A-B7C5-4783-8E8F-591F1333D569} = {26B7324A-3B80-4792-A1F5-5EDE2DE76A92}
		{003D1A16-EC59-40E0-A197-03B7034501BC} = {26B7324A-3B80-4792-A1F5-5EDE2DE76A92}
		{D35B5496-563D-48BF-B602-A2695069FBC2} = {26B7324A-3B80-4792-A1F5-5EDE2DE76A92}
		{EEBE143B-E462-4789-B057-BBAAC5E0B349} = {26B7324A-3B80-4792-A1F5-5EDE2DE76A92}
		{9BC1D156-B171-43EC-B9D5-3A9C3C726C88} = {A01B3D6A-B7C5-4783-8E8F-591F1333D569}
		{71A909AE-CCDA-49FE-9837-EEB38CA28EF6} = {A01B3D6A-B7C5-4783-8E8F-591F1333D569}
		{668DD45F-2B03-4FEA-8791-967ABBC2F626} = {A01B3D6A-B7C5-4783-8E8F-591F1333D569}
		{16DB0DB3-51A8-411A-9A10-4E76E06F2334} = {003D1A16-EC59-40E0-A197-03B7034501BC}
		{26EFC871-B791-4C07-851F-A8662141CAAD} = {003D1A16-EC59-40E0-A197-03B7034501BC}
		{8BD4E7EE-5060-4FB5-9D06-373F3F5481D3} = {D35B5496-563D-48BF-B602-A2695069FBC2}
		{645B7BC9-FF5C-4108-8B09-6D4FAC6F053F} = {EEBE143B-E462-4789-B057-BBAAC5E0B349}
		{A85568F2-65B6-4115-9024-8168783CBBF9} = {EEBE143B-E462-4789-B057-BBAAC5E0B349}
	EndGlobalSection
EndGlobal
